<?xml version="1.0"?>
<CONFIG>
  <ProjectOptions>
    <Version Value="9"/>
    <PathDelim Value="\"/>
    <General>
      <MainUnit Value="0"/>
      <Title Value="Logic Simulator"/>
      <ResourceType Value="res"/>
      <UseXPManifest Value="True"/>
      <Icon Value="0"/>
      <ActiveWindowIndexAtStart Value="0"/>
    </General>
    <i18n>
      <EnableI18N LFM="False"/>
    </i18n>
    <VersionInfo>
      <StringTable ProductVersion=""/>
    </VersionInfo>
    <BuildModes Count="1" Active="Default">
      <Item1 Name="Default" Default="True"/>
    </BuildModes>
    <PublishOptions>
      <Version Value="2"/>
      <IncludeFileFilter Value="*.(pas|pp|inc|lfm|lpr|lrs|lpi|lpk|sh|xml)"/>
      <ExcludeFileFilter Value="*.(bak|ppu|o|so);*~;backup"/>
    </PublishOptions>
    <RunParams>
      <local>
        <FormatVersion Value="1"/>
      </local>
    </RunParams>
    <RequiredPackages Count="1">
      <Item1>
        <PackageName Value="LCL"/>
      </Item1>
    </RequiredPackages>
    <Units Count="21">
      <Unit0>
        <Filename Value="logic_simulator.lpr"/>
        <IsPartOfProject Value="True"/>
        <UnitName Value="logic_simulator"/>
        <WindowIndex Value="0"/>
        <TopLine Value="1"/>
        <CursorPos X="13" Y="11"/>
        <UsageCount Value="170"/>
      </Unit0>
      <Unit1>
        <Filename Value="logic_simulator_form.pas"/>
        <IsPartOfProject Value="True"/>
        <ComponentName Value="frmLogicSim"/>
        <HasResources Value="True"/>
        <ResourceBaseClass Value="Form"/>
        <UnitName Value="logic_simulator_form"/>
        <EditorIndex Value="0"/>
        <WindowIndex Value="0"/>
        <TopLine Value="303"/>
        <CursorPos X="15" Y="332"/>
        <UsageCount Value="170"/>
        <Loaded Value="True"/>
        <LoadedDesigner Value="True"/>
      </Unit1>
      <Unit2>
        <Filename Value="logic_simulator_common.pas"/>
        <IsPartOfProject Value="True"/>
        <UnitName Value="logic_simulator_common"/>
        <EditorIndex Value="1"/>
        <WindowIndex Value="0"/>
        <TopLine Value="767"/>
        <CursorPos X="50" Y="784"/>
        <UsageCount Value="163"/>
        <Loaded Value="True"/>
      </Unit2>
      <Unit3>
        <Filename Value="C:\lazarus\lcl\extctrls.pp"/>
        <UnitName Value="ExtCtrls"/>
        <WindowIndex Value="0"/>
        <TopLine Value="1140"/>
        <CursorPos X="16" Y="568"/>
        <UsageCount Value="5"/>
      </Unit3>
      <Unit4>
        <Filename Value="C:\lazarus\lcl\include\picture.inc"/>
        <WindowIndex Value="0"/>
        <TopLine Value="471"/>
        <CursorPos X="1" Y="499"/>
        <UsageCount Value="9"/>
      </Unit4>
      <Unit5>
        <Filename Value="C:\lazarus\fpc\2.6.0\source\rtl\objpas\classes\classesh.inc"/>
        <WindowIndex Value="0"/>
        <TopLine Value="258"/>
        <CursorPos X="19" Y="287"/>
        <UsageCount Value="11"/>
      </Unit5>
      <Unit6>
        <Filename Value="C:\lazarus\fpc\2.6.0\source\rtl\objpas\classes\lists.inc"/>
        <WindowIndex Value="0"/>
        <TopLine Value="641"/>
        <CursorPos X="3" Y="646"/>
        <UsageCount Value="9"/>
      </Unit6>
      <Unit7>
        <Filename Value="C:\lazarus\fpc\2.6.0\source\rtl\inc\objpash.inc"/>
        <WindowIndex Value="0"/>
        <TopLine Value="176"/>
        <CursorPos X="21" Y="201"/>
        <UsageCount Value="10"/>
      </Unit7>
      <Unit8>
        <Filename Value="C:\lazarus\lcl\include\control.inc"/>
        <WindowIndex Value="0"/>
        <TopLine Value="4317"/>
        <CursorPos X="44" Y="4325"/>
        <UsageCount Value="10"/>
      </Unit8>
      <Unit9>
        <Filename Value="C:\lazarus\lcl\include\customimage.inc"/>
        <WindowIndex Value="0"/>
        <TopLine Value="7"/>
        <CursorPos X="1" Y="41"/>
        <UsageCount Value="9"/>
      </Unit9>
      <Unit10>
        <Filename Value="C:\lazarus\lcl\include\graphiccontrol.inc"/>
        <WindowIndex Value="0"/>
        <TopLine Value="22"/>
        <CursorPos X="1" Y="46"/>
        <UsageCount Value="9"/>
      </Unit10>
      <Unit11>
        <Filename Value="C:\lazarus\lcl\controls.pp"/>
        <UnitName Value="Controls"/>
        <WindowIndex Value="0"/>
        <TopLine Value="149"/>
        <CursorPos X="3" Y="175"/>
        <UsageCount Value="10"/>
      </Unit11>
      <Unit12>
        <Filename Value="C:\lazarus\lcl\include\winapi.inc"/>
        <WindowIndex Value="0"/>
        <TopLine Value="304"/>
        <CursorPos X="1" Y="326"/>
        <UsageCount Value="9"/>
      </Unit12>
      <Unit13>
        <Filename Value="C:\lazarus\lcl\interfaces\win32\win32winapi.inc"/>
        <WindowIndex Value="0"/>
        <TopLine Value="1525"/>
        <CursorPos X="1" Y="1547"/>
        <UsageCount Value="9"/>
      </Unit13>
      <Unit14>
        <Filename Value="logic_simulator_globals.pas"/>
        <IsPartOfProject Value="True"/>
        <UnitName Value="logic_simulator_globals"/>
        <EditorIndex Value="3"/>
        <WindowIndex Value="0"/>
        <TopLine Value="1"/>
        <CursorPos X="7" Y="61"/>
        <UsageCount Value="77"/>
        <Loaded Value="True"/>
      </Unit14>
      <Unit15>
        <Filename Value="C:\lazarus\fpc\2.6.0\source\rtl\inc\objpas.inc"/>
        <WindowIndex Value="0"/>
        <TopLine Value="257"/>
        <CursorPos X="9" Y="271"/>
        <UsageCount Value="10"/>
      </Unit15>
      <Unit16>
        <Filename Value="C:\lazarus\lcl\include\messagedialogs.inc"/>
        <WindowIndex Value="0"/>
        <TopLine Value="214"/>
        <CursorPos X="26" Y="235"/>
        <UsageCount Value="10"/>
      </Unit16>
      <Unit17>
        <Filename Value="C:\lazarus\lcl\lclproc.pas"/>
        <UnitName Value="LCLProc"/>
        <WindowIndex Value="0"/>
        <TopLine Value="845"/>
        <CursorPos X="1" Y="865"/>
        <UsageCount Value="11"/>
      </Unit17>
      <Unit18>
        <Filename Value="logic_simulator_simulation.pas"/>
        <IsPartOfProject Value="True"/>
        <UnitName Value="logic_simulator_simulation"/>
        <IsVisibleTab Value="True"/>
        <EditorIndex Value="2"/>
        <WindowIndex Value="0"/>
        <TopLine Value="1"/>
        <CursorPos X="24" Y="5"/>
        <UsageCount Value="55"/>
        <Loaded Value="True"/>
      </Unit18>
      <Unit19>
        <Filename Value="C:\lazarus\lcl\graphics.pp"/>
        <UnitName Value="Graphics"/>
        <WindowIndex Value="0"/>
        <TopLine Value="35"/>
        <CursorPos X="3" Y="56"/>
        <UsageCount Value="10"/>
      </Unit19>
      <Unit20>
        <Filename Value="C:\lazarus\lcl\customtimer.pas"/>
        <UnitName Value="CustomTimer"/>
        <WindowIndex Value="0"/>
        <TopLine Value="145"/>
        <CursorPos X="24" Y="166"/>
        <UsageCount Value="10"/>
      </Unit20>
    </Units>
    <JumpHistory Count="29" HistoryIndex="28">
      <Position1>
        <Filename Value="logic_simulator_form.pas"/>
        <Caret Line="113" Column="24" TopLine="87"/>
      </Position1>
      <Position2>
        <Filename Value="logic_simulator_common.pas"/>
        <Caret Line="1340" Column="22" TopLine="1336"/>
      </Position2>
      <Position3>
        <Filename Value="logic_simulator_common.pas"/>
        <Caret Line="1474" Column="3" TopLine="1471"/>
      </Position3>
      <Position4>
        <Filename Value="logic_simulator_simulation.pas"/>
        <Caret Line="38" Column="36" TopLine="1"/>
      </Position4>
      <Position5>
        <Filename Value="logic_simulator_form.pas"/>
        <Caret Line="19" Column="52" TopLine="1"/>
      </Position5>
      <Position6>
        <Filename Value="logic_simulator_common.pas"/>
        <Caret Line="1" Column="29" TopLine="1"/>
      </Position6>
      <Position7>
        <Filename Value="logic_simulator_common.pas"/>
        <Caret Line="37" Column="11" TopLine="22"/>
      </Position7>
      <Position8>
        <Filename Value="logic_simulator_common.pas"/>
        <Caret Line="35" Column="13" TopLine="22"/>
      </Position8>
      <Position9>
        <Filename Value="logic_simulator_common.pas"/>
        <Caret Line="36" Column="11" TopLine="22"/>
      </Position9>
      <Position10>
        <Filename Value="logic_simulator_common.pas"/>
        <Caret Line="1558" Column="14" TopLine="1546"/>
      </Position10>
      <Position11>
        <Filename Value="logic_simulator_common.pas"/>
        <Caret Line="1560" Column="21" TopLine="1546"/>
      </Position11>
      <Position12>
        <Filename Value="logic_simulator_simulation.pas"/>
        <Caret Line="145" Column="21" TopLine="145"/>
      </Position12>
      <Position13>
        <Filename Value="logic_simulator_form.pas"/>
        <Caret Line="309" Column="38" TopLine="298"/>
      </Position13>
      <Position14>
        <Filename Value="logic_simulator_simulation.pas"/>
        <Caret Line="156" Column="33" TopLine="147"/>
      </Position14>
      <Position15>
        <Filename Value="logic_simulator_form.pas"/>
        <Caret Line="158" Column="11" TopLine="133"/>
      </Position15>
      <Position16>
        <Filename Value="logic_simulator_form.pas"/>
        <Caret Line="170" Column="8" TopLine="166"/>
      </Position16>
      <Position17>
        <Filename Value="logic_simulator_common.pas"/>
        <Caret Line="799" Column="48" TopLine="786"/>
      </Position17>
      <Position18>
        <Filename Value="logic_simulator_common.pas"/>
        <Caret Line="161" Column="23" TopLine="138"/>
      </Position18>
      <Position19>
        <Filename Value="logic_simulator_common.pas"/>
        <Caret Line="390" Column="16" TopLine="351"/>
      </Position19>
      <Position20>
        <Filename Value="logic_simulator_common.pas"/>
        <Caret Line="393" Column="23" TopLine="354"/>
      </Position20>
      <Position21>
        <Filename Value="logic_simulator_common.pas"/>
        <Caret Line="763" Column="19" TopLine="724"/>
      </Position21>
      <Position22>
        <Filename Value="logic_simulator_common.pas"/>
        <Caret Line="772" Column="21" TopLine="733"/>
      </Position22>
      <Position23>
        <Filename Value="logic_simulator_common.pas"/>
        <Caret Line="781" Column="23" TopLine="742"/>
      </Position23>
      <Position24>
        <Filename Value="logic_simulator_common.pas"/>
        <Caret Line="792" Column="21" TopLine="754"/>
      </Position24>
      <Position25>
        <Filename Value="logic_simulator_common.pas"/>
        <Caret Line="786" Column="14" TopLine="767"/>
      </Position25>
      <Position26>
        <Filename Value="logic_simulator_common.pas"/>
        <Caret Line="792" Column="21" TopLine="767"/>
      </Position26>
      <Position27>
        <Filename Value="logic_simulator_form.pas"/>
        <Caret Line="3" Column="63" TopLine="1"/>
      </Position27>
      <Position28>
        <Filename Value="logic_simulator_form.pas"/>
        <Caret Line="261" Column="22" TopLine="248"/>
      </Position28>
      <Position29>
        <Filename Value="logic_simulator_form.pas"/>
        <Caret Line="287" Column="17" TopLine="248"/>
      </Position29>
    </JumpHistory>
  </ProjectOptions>
  <CompilerOptions>
    <Version Value="11"/>
    <PathDelim Value="\"/>
    <Target>
      <Filename Value="logic_simulator"/>
    </Target>
    <SearchPaths>
      <IncludeFiles Value="$(ProjOutDir)"/>
      <UnitOutputDirectory Value="lib\$(TargetCPU)-$(TargetOS)"/>
    </SearchPaths>
    <Linking>
      <Options>
        <Win32>
          <GraphicApplication Value="True"/>
        </Win32>
      </Options>
    </Linking>
    <Other>
      <CompilerPath Value="$(CompPath)"/>
    </Other>
  </CompilerOptions>
  <Debugging>
    <Exceptions Count="3">
      <Item1>
        <Name Value="EAbort"/>
      </Item1>
      <Item2>
        <Name Value="ECodetoolError"/>
      </Item2>
      <Item3>
        <Name Value="EFOpenError"/>
      </Item3>
    </Exceptions>
  </Debugging>
</CONFIG>
